
Microsoft Visual Studio Solution File, Format Version 12.00
# Visual Studio Version 16
VisualStudioVersion = 16.0.33423.256
MinimumVisualStudioVersion = 10.0.40219.1
Project("{FAE04EC0-301F-11D3-BF4B-00C04F79EFBC}") = "Employee_Management_System", "Employee_Management_System.csproj", "{4C10522F-8C59-438D-8E92-1231513087D7}"
EndProject
Global
	GlobalSection(SolutionConfigurationPlatforms) = preSolution
		Debug|Any CPU = Debug|Any CPU
		Release|Any CPU = Release|Any CPU
	EndGlobalSection
	GlobalSection(ProjectConfigurationPlatforms) = postSolution
		{4C10522F-8C59-438D-8E92-1231513087D7}.Debug|Any CPU.ActiveCfg = Debug|Any CPU
		{4C10522F-8C59-438D-8E92-1231513087D7}.Debug|Any CPU.Build.0 = Debug|Any CPU
		{4C10522F-8C59-438D-8E92-1231513087D7}.Release|Any CPU.ActiveCfg = Release|Any CPU
		{4C10522F-8C59-438D-8E92-1231513087D7}.Release|Any CPU.Build.0 = Release|Any CPU
	EndGlobalSection
	GlobalSection(SolutionProperties) = preSolution
		HideSolutionNode = FALSE
	EndGlobalSection
	GlobalSection(ExtensibilityGlobals) = postSolution
		SolutionGuid = {D50BAD8C-F1F2-470B-8AE2-56E5BB02F784}
	EndGlobalSection
EndGlobal
